
Microsoft Visual Studio Solution File, Format Version 12.00
# Visual Studio Version 16
VisualStudioVersion = 16.0.30503.244
MinimumVisualStudioVersion = 10.0.40219.1
Project("{9A19103F-16F7-4668-BE54-9A1E7A4F7556}") = "botClientBot", "botClientBot\botClientBot.csproj", "{8EDD9407-1DFF-4497-99D5-4EBE2FECC556}"
EndProject
Project("{FAE04EC0-301F-11D3-BF4B-00C04F79EFBC}") = "botClientApi", "botClientApi\botClientApi.csproj", "{BF911161-B01C-414F-B568-50D7571CB03E}"
EndProject
Global
	GlobalSection(SolutionConfigurationPlatforms) = preSolution
		Debug|Any CPU = Debug|Any CPU
		Release|Any CPU = Release|Any CPU
	EndGlobalSection
	GlobalSection(ProjectConfigurationPlatforms) = postSolution
		{8EDD9407-1DFF-4497-99D5-4EBE2FECC556}.Debug|Any CPU.ActiveCfg = Debug|Any CPU
		{8EDD9407-1DFF-4497-99D5-4EBE2FECC556}.Debug|Any CPU.Build.0 = Debug|Any CPU
		{8EDD9407-1DFF-4497-99D5-4EBE2FECC556}.Release|Any CPU.ActiveCfg = Release|Any CPU
		{8EDD9407-1DFF-4497-99D5-4EBE2FECC556}.Release|Any CPU.Build.0 = Release|Any CPU
		{BF911161-B01C-414F-B568-50D7571CB03E}.Debug|Any CPU.ActiveCfg = Debug|Any CPU
		{BF911161-B01C-414F-B568-50D7571CB03E}.Debug|Any CPU.Build.0 = Debug|Any CPU
		{BF911161-B01C-414F-B568-50D7571CB03E}.Release|Any CPU.ActiveCfg = Release|Any CPU
		{BF911161-B01C-414F-B568-50D7571CB03E}.Release|Any CPU.Build.0 = Release|Any CPU
	EndGlobalSection
	GlobalSection(SolutionProperties) = preSolution
		HideSolutionNode = FALSE
	EndGlobalSection
	GlobalSection(ExtensibilityGlobals) = postSolution
		SolutionGuid = {CBBE3567-2875-4BEB-B570-6C6A160A2422}
	EndGlobalSection
EndGlobal
